// !$*UTF8*$!
{
	archiveVersion = 1;
	classes = {
	};
	objectVersion = 46;
	objects = {

/* Begin PBXBuildFile section */
		526C32991708C36A0054717D /* UIKit.framework in Frameworks */ = {isa = PBXBuildFile; fileRef = 526C32981708C36A0054717D /* UIKit.framework */; };
		526C329B1708C36A0054717D /* Foundation.framework in Frameworks */ = {isa = PBXBuildFile; fileRef = 526C329A1708C36A0054717D /* Foundation.framework */; };
		526C329D1708C36A0054717D /* CoreGraphics.framework in Frameworks */ = {isa = PBXBuildFile; fileRef = 526C329C1708C36A0054717D /* CoreGraphics.framework */; };
		526C32A31708C36A0054717D /* InfoPlist.strings in Resources */ = {isa = PBXBuildFile; fileRef = 526C32A11708C36A0054717D /* InfoPlist.strings */; };
		526C32A51708C36A0054717D /* main.m in Sources */ = {isa = PBXBuildFile; fileRef = 526C32A41708C36A0054717D /* main.m */; };
		526C32A91708C36A0054717D /* TaxiAppDelegate.m in Sources */ = {isa = PBXBuildFile; fileRef = 526C32A81708C36A0054717D /* TaxiAppDelegate.m */; };
		526C32AB1708C36A0054717D /* Default.png in Resources */ = {isa = PBXBuildFile; fileRef = 526C32AA1708C36A0054717D /* Default.png */; };
		526C32AD1708C36A0054717D /* Default@2x.png in Resources */ = {isa = PBXBuildFile; fileRef = 526C32AC1708C36A0054717D /* Default@2x.png */; };
		526C32AF1708C36A0054717D /* Default-568h@2x.png in Resources */ = {isa = PBXBuildFile; fileRef = 526C32AE1708C36A0054717D /* Default-568h@2x.png */; };
		526C32B21708C36A0054717D /* MainStoryboard.storyboard in Resources */ = {isa = PBXBuildFile; fileRef = 526C32B01708C36A0054717D /* MainStoryboard.storyboard */; };
		526C32B51708C36A0054717D /* TaxiViewController.m in Sources */ = {isa = PBXBuildFile; fileRef = 526C32B41708C36A0054717D /* TaxiViewController.m */; };
		526C32BD1708C36A0054717D /* SenTestingKit.framework in Frameworks */ = {isa = PBXBuildFile; fileRef = 526C32BC1708C36A0054717D /* SenTestingKit.framework */; };
		526C32BE1708C36A0054717D /* UIKit.framework in Frameworks */ = {isa = PBXBuildFile; fileRef = 526C32981708C36A0054717D /* UIKit.framework */; };
		526C32BF1708C36A0054717D /* Foundation.framework in Frameworks */ = {isa = PBXBuildFile; fileRef = 526C329A1708C36A0054717D /* Foundation.framework */; };
		526C32C71708C36B0054717D /* InfoPlist.strings in Resources */ = {isa = PBXBuildFile; fileRef = 526C32C51708C36B0054717D /* InfoPlist.strings */; };
		526C32CA1708C36B0054717D /* TaxiAppTests.m in Sources */ = {isa = PBXBuildFile; fileRef = 526C32C91708C36B0054717D /* TaxiAppTests.m */; };
		526C32DF1708CA6F0054717D /* CoreLocation.framework in Frameworks */ = {isa = PBXBuildFile; fileRef = 526C32DE1708CA6F0054717D /* CoreLocation.framework */; };
		526C32E11708CA7F0054717D /* libsqlite3.dylib in Frameworks */ = {isa = PBXBuildFile; fileRef = 526C32E01708CA7F0054717D /* libsqlite3.dylib */; };
		526C32E31708CB910054717D /* MessageUI.framework in Frameworks */ = {isa = PBXBuildFile; fileRef = 526C32E21708CB910054717D /* MessageUI.framework */; };
		526C32E91708CBC70054717D /* CHANGELOG.md in Resources */ = {isa = PBXBuildFile; fileRef = 526C32E51708CBC70054717D /* CHANGELOG.md */; };
		526C32EA1708CBC70054717D /* JSONKit.m in Sources */ = {isa = PBXBuildFile; fileRef = 526C32E71708CBC70054717D /* JSONKit.m */; settings = {COMPILER_FLAGS = "-fno-objc-arc"; }; };
		526C32EB1708CBC70054717D /* README.md in Resources */ = {isa = PBXBuildFile; fileRef = 526C32E81708CBC70054717D /* README.md */; };
		526C32F01708D6E60054717D /* TaxiRegistrationViewController.m in Sources */ = {isa = PBXBuildFile; fileRef = 526C32EF1708D6E60054717D /* TaxiRegistrationViewController.m */; };
		526C32F31708D6F60054717D /* TaxiLoginViewController.m in Sources */ = {isa = PBXBuildFile; fileRef = 526C32F21708D6F60054717D /* TaxiLoginViewController.m */; };
		526C32F71708D81F0054717D /* TaxiHomeViewController.m in Sources */ = {isa = PBXBuildFile; fileRef = 526C32F61708D81F0054717D /* TaxiHomeViewController.m */; };
		526C33011708E13E0054717D /* TaxiMapViewController.m in Sources */ = {isa = PBXBuildFile; fileRef = 526C33001708E13E0054717D /* TaxiMapViewController.m */; };
/* End PBXBuildFile section */

/* Begin PBXContainerItemProxy section */
		526C32C01708C36A0054717D /* PBXContainerItemProxy */ = {
			isa = PBXContainerItemProxy;
			containerPortal = 526C328D1708C3690054717D /* Project object */;
			proxyType = 1;
			remoteGlobalIDString = 526C32941708C3690054717D;
			remoteInfo = TaxiApp;
		};
/* End PBXContainerItemProxy section */

/* Begin PBXFileReference section */
		526C32951708C3690054717D /* TaxiApp.app */ = {isa = PBXFileReference; explicitFileType = wrapper.application; includeInIndex = 0; path = TaxiApp.app; sourceTree = BUILT_PRODUCTS_DIR; };
		526C32981708C36A0054717D /* UIKit.framework */ = {isa = PBXFileReference; lastKnownFileType = wrapper.framework; name = UIKit.framework; path = System/Library/Frameworks/UIKit.framework; sourceTree = SDKROOT; };
		526C329A1708C36A0054717D /* Foundation.framework */ = {isa = PBXFileReference; lastKnownFileType = wrapper.framework; name = Foundation.framework; path = System/Library/Frameworks/Foundation.framework; sourceTree = SDKROOT; };
		526C329C1708C36A0054717D /* CoreGraphics.framework */ = {isa = PBXFileReference; lastKnownFileType = wrapper.framework; name = CoreGraphics.framework; path = System/Library/Frameworks/CoreGraphics.framework; sourceTree = SDKROOT; };
		526C32A01708C36A0054717D /* TaxiApp-Info.plist */ = {isa = PBXFileReference; lastKnownFileType = text.plist.xml; path = "TaxiApp-Info.plist"; sourceTree = "<group>"; };
		526C32A21708C36A0054717D /* en */ = {isa = PBXFileReference; lastKnownFileType = text.plist.strings; name = en; path = en.lproj/InfoPlist.strings; sourceTree = "<group>"; };
		526C32A41708C36A0054717D /* main.m */ = {isa = PBXFileReference; lastKnownFileType = sourcecode.c.objc; path = main.m; sourceTree = "<group>"; };
		526C32A61708C36A0054717D /* TaxiApp-Prefix.pch */ = {isa = PBXFileReference; lastKnownFileType = sourcecode.c.h; path = "TaxiApp-Prefix.pch"; sourceTree = "<group>"; };
		526C32A71708C36A0054717D /* TaxiAppDelegate.h */ = {isa = PBXFileReference; lastKnownFileType = sourcecode.c.h; path = TaxiAppDelegate.h; sourceTree = "<group>"; };
		526C32A81708C36A0054717D /* TaxiAppDelegate.m */ = {isa = PBXFileReference; lastKnownFileType = sourcecode.c.objc; path = TaxiAppDelegate.m; sourceTree = "<group>"; };
		526C32AA1708C36A0054717D /* Default.png */ = {isa = PBXFileReference; lastKnownFileType = image.png; path = Default.png; sourceTree = "<group>"; };
		526C32AC1708C36A0054717D /* Default@2x.png */ = {isa = PBXFileReference; lastKnownFileType = image.png; path = "Default@2x.png"; sourceTree = "<group>"; };
		526C32AE1708C36A0054717D /* Default-568h@2x.png */ = {isa = PBXFileReference; lastKnownFileType = image.png; path = "Default-568h@2x.png"; sourceTree = "<group>"; };
		526C32B11708C36A0054717D /* en */ = {isa = PBXFileReference; lastKnownFileType = file.storyboard; name = en; path = en.lproj/MainStoryboard.storyboard; sourceTree = "<group>"; };
		526C32B31708C36A0054717D /* TaxiViewController.h */ = {isa = PBXFileReference; lastKnownFileType = sourcecode.c.h; path = TaxiViewController.h; sourceTree = "<group>"; };
		526C32B41708C36A0054717D /* TaxiViewController.m */ = {isa = PBXFileReference; lastKnownFileType = sourcecode.c.objc; path = TaxiViewController.m; sourceTree = "<group>"; };
		526C32BB1708C36A0054717D /* TaxiAppTests.octest */ = {isa = PBXFileReference; explicitFileType = wrapper.cfbundle; includeInIndex = 0; path = TaxiAppTests.octest; sourceTree = BUILT_PRODUCTS_DIR; };
		526C32BC1708C36A0054717D /* SenTestingKit.framework */ = {isa = PBXFileReference; lastKnownFileType = wrapper.framework; name = SenTestingKit.framework; path = Library/Frameworks/SenTestingKit.framework; sourceTree = DEVELOPER_DIR; };
		526C32C41708C36B0054717D /* TaxiAppTests-Info.plist */ = {isa = PBXFileReference; lastKnownFileType = text.plist.xml; path = "TaxiAppTests-Info.plist"; sourceTree = "<group>"; };
		526C32C61708C36B0054717D /* en */ = {isa = PBXFileReference; lastKnownFileType = text.plist.strings; name = en; path = en.lproj/InfoPlist.strings; sourceTree = "<group>"; };
		526C32C81708C36B0054717D /* TaxiAppTests.h */ = {isa = PBXFileReference; lastKnownFileType = sourcecode.c.h; path = TaxiAppTests.h; sourceTree = "<group>"; };
		526C32C91708C36B0054717D /* TaxiAppTests.m */ = {isa = PBXFileReference; lastKnownFileType = sourcecode.c.objc; path = TaxiAppTests.m; sourceTree = "<group>"; };
		526C32D51708C7C30054717D /* Geoloqi.h */ = {isa = PBXFileReference; fileEncoding = 4; lastKnownFileType = sourcecode.c.h; path = Geoloqi.h; sourceTree = "<group>"; };
		526C32D61708C7C30054717D /* libGeoloqi-Debug.a */ = {isa = PBXFileReference; lastKnownFileType = archive.ar; path = "libGeoloqi-Debug.a"; sourceTree = "<group>"; };
		526C32D71708C7C30054717D /* libGeoloqi-Release.a */ = {isa = PBXFileReference; lastKnownFileType = archive.ar; path = "libGeoloqi-Release.a"; sourceTree = "<group>"; };
		526C32D81708C7C30054717D /* LQError.h */ = {isa = PBXFileReference; fileEncoding = 4; lastKnownFileType = sourcecode.c.h; path = LQError.h; sourceTree = "<group>"; };
		526C32D91708C7C30054717D /* LQSDKVersion.h */ = {isa = PBXFileReference; fileEncoding = 4; lastKnownFileType = sourcecode.c.h; path = LQSDKVersion.h; sourceTree = "<group>"; };
		526C32DA1708C7C30054717D /* LQSession.h */ = {isa = PBXFileReference; fileEncoding = 4; lastKnownFileType = sourcecode.c.h; path = LQSession.h; sourceTree = "<group>"; };
		526C32DB1708C7C30054717D /* LQTracker.h */ = {isa = PBXFileReference; fileEncoding = 4; lastKnownFileType = sourcecode.c.h; path = LQTracker.h; sourceTree = "<group>"; };
		526C32DE1708CA6F0054717D /* CoreLocation.framework */ = {isa = PBXFileReference; lastKnownFileType = wrapper.framework; name = CoreLocation.framework; path = System/Library/Frameworks/CoreLocation.framework; sourceTree = SDKROOT; };
		526C32E01708CA7F0054717D /* libsqlite3.dylib */ = {isa = PBXFileReference; lastKnownFileType = "compiled.mach-o.dylib"; name = libsqlite3.dylib; path = usr/lib/libsqlite3.dylib; sourceTree = SDKROOT; };
		526C32E21708CB910054717D /* MessageUI.framework */ = {isa = PBXFileReference; lastKnownFileType = wrapper.framework; name = MessageUI.framework; path = System/Library/Frameworks/MessageUI.framework; sourceTree = SDKROOT; };
		526C32E51708CBC70054717D /* CHANGELOG.md */ = {isa = PBXFileReference; fileEncoding = 4; lastKnownFileType = text; path = CHANGELOG.md; sourceTree = "<group>"; };
		526C32E61708CBC70054717D /* JSONKit.h */ = {isa = PBXFileReference; fileEncoding = 4; lastKnownFileType = sourcecode.c.h; path = JSONKit.h; sourceTree = "<group>"; };
		526C32E71708CBC70054717D /* JSONKit.m */ = {isa = PBXFileReference; fileEncoding = 4; lastKnownFileType = sourcecode.c.objc; path = JSONKit.m; sourceTree = "<group>"; };
		526C32E81708CBC70054717D /* README.md */ = {isa = PBXFileReference; fileEncoding = 4; lastKnownFileType = text; path = README.md; sourceTree = "<group>"; };
		526C32EE1708D6E60054717D /* TaxiRegistrationViewController.h */ = {isa = PBXFileReference; fileEncoding = 4; lastKnownFileType = sourcecode.c.h; path = TaxiRegistrationViewController.h; sourceTree = "<group>"; };
		526C32EF1708D6E60054717D /* TaxiRegistrationViewController.m */ = {isa = PBXFileReference; fileEncoding = 4; lastKnownFileType = sourcecode.c.objc; path = TaxiRegistrationViewController.m; sourceTree = "<group>"; };
		526C32F11708D6F60054717D /* TaxiLoginViewController.h */ = {isa = PBXFileReference; fileEncoding = 4; lastKnownFileType = sourcecode.c.h; path = TaxiLoginViewController.h; sourceTree = "<group>"; };
		526C32F21708D6F60054717D /* TaxiLoginViewController.m */ = {isa = PBXFileReference; fileEncoding = 4; lastKnownFileType = sourcecode.c.objc; path = TaxiLoginViewController.m; sourceTree = "<group>"; };
		526C32F51708D81F0054717D /* TaxiHomeViewController.h */ = {isa = PBXFileReference; fileEncoding = 4; lastKnownFileType = sourcecode.c.h; path = TaxiHomeViewController.h; sourceTree = "<group>"; };
		526C32F61708D81F0054717D /* TaxiHomeViewController.m */ = {isa = PBXFileReference; fileEncoding = 4; lastKnownFileType = sourcecode.c.objc; path = TaxiHomeViewController.m; sourceTree = "<group>"; };
		526C32FD1708DEA90054717D /* Constants.h */ = {isa = PBXFileReference; lastKnownFileType = sourcecode.c.h; path = Constants.h; sourceTree = "<group>"; };
		526C32FF1708E13E0054717D /* TaxiMapViewController.h */ = {isa = PBXFileReference; fileEncoding = 4; lastKnownFileType = sourcecode.c.h; path = TaxiMapViewController.h; sourceTree = "<group>"; };
		526C33001708E13E0054717D /* TaxiMapViewController.m */ = {isa = PBXFileReference; fileEncoding = 4; lastKnownFileType = sourcecode.c.objc; path = TaxiMapViewController.m; sourceTree = "<group>"; };
/* End PBXFileReference section */

/* Begin PBXFrameworksBuildPhase section */
		526C32921708C3690054717D /* Frameworks */ = {
			isa = PBXFrameworksBuildPhase;
			buildActionMask = 2147483647;
			files = (
				526C32E31708CB910054717D /* MessageUI.framework in Frameworks */,
				526C32E11708CA7F0054717D /* libsqlite3.dylib in Frameworks */,
				526C32DF1708CA6F0054717D /* CoreLocation.framework in Frameworks */,
				526C32991708C36A0054717D /* UIKit.framework in Frameworks */,
				526C329B1708C36A0054717D /* Foundation.framework in Frameworks */,
				526C329D1708C36A0054717D /* CoreGraphics.framework in Frameworks */,
			);
			runOnlyForDeploymentPostprocessing = 0;
		};
		526C32B71708C36A0054717D /* Frameworks */ = {
			isa = PBXFrameworksBuildPhase;
			buildActionMask = 2147483647;
			files = (
				526C32BD1708C36A0054717D /* SenTestingKit.framework in Frameworks */,
				526C32BE1708C36A0054717D /* UIKit.framework in Frameworks */,
				526C32BF1708C36A0054717D /* Foundation.framework in Frameworks */,
			);
			runOnlyForDeploymentPostprocessing = 0;
		};
/* End PBXFrameworksBuildPhase section */

/* Begin PBXGroup section */
		526C328C1708C3690054717D = {
			isa = PBXGroup;
			children = (
				526C32E21708CB910054717D /* MessageUI.framework */,
				526C32E01708CA7F0054717D /* libsqlite3.dylib */,
				526C32DE1708CA6F0054717D /* CoreLocation.framework */,
				526C329E1708C36A0054717D /* TaxiApp */,
				526C32C21708C36A0054717D /* TaxiAppTests */,
				526C32971708C3690054717D /* Frameworks */,
				526C32961708C3690054717D /* Products */,
			);
			sourceTree = "<group>";
		};
		526C32961708C3690054717D /* Products */ = {
			isa = PBXGroup;
			children = (
				526C32951708C3690054717D /* TaxiApp.app */,
				526C32BB1708C36A0054717D /* TaxiAppTests.octest */,
			);
			name = Products;
			sourceTree = "<group>";
		};
		526C32971708C3690054717D /* Frameworks */ = {
			isa = PBXGroup;
			children = (
				526C32981708C36A0054717D /* UIKit.framework */,
				526C329A1708C36A0054717D /* Foundation.framework */,
				526C329C1708C36A0054717D /* CoreGraphics.framework */,
				526C32BC1708C36A0054717D /* SenTestingKit.framework */,
			);
			name = Frameworks;
			sourceTree = "<group>";
		};
		526C329E1708C36A0054717D /* TaxiApp */ = {
			isa = PBXGroup;
			children = (
				526C32FE1708E11D0054717D /* MapView */,
				526C32F81708DE360054717D /* Misc */,
				526C32F41708D80D0054717D /* HomeView */,
				526C32EC1708D6CC0054717D /* Login */,
				526C32ED1708D6CC0054717D /* Registration */,
				526C32D31708C7C30054717D /* Libs */,
				526C32A71708C36A0054717D /* TaxiAppDelegate.h */,
				526C32A81708C36A0054717D /* TaxiAppDelegate.m */,
				526C32B01708C36A0054717D /* MainStoryboard.storyboard */,
				526C32B31708C36A0054717D /* TaxiViewController.h */,
				526C32B41708C36A0054717D /* TaxiViewController.m */,
				526C329F1708C36A0054717D /* Supporting Files */,
			);
			path = TaxiApp;
			sourceTree = "<group>";
		};
		526C329F1708C36A0054717D /* Supporting Files */ = {
			isa = PBXGroup;
			children = (
				526C32A01708C36A0054717D /* TaxiApp-Info.plist */,
				526C32A11708C36A0054717D /* InfoPlist.strings */,
				526C32A41708C36A0054717D /* main.m */,
				526C32A61708C36A0054717D /* TaxiApp-Prefix.pch */,
				526C32AA1708C36A0054717D /* Default.png */,
				526C32AC1708C36A0054717D /* Default@2x.png */,
				526C32AE1708C36A0054717D /* Default-568h@2x.png */,
			);
			name = "Supporting Files";
			sourceTree = "<group>";
		};
		526C32C21708C36A0054717D /* TaxiAppTests */ = {
			isa = PBXGroup;
			children = (
				526C32C81708C36B0054717D /* TaxiAppTests.h */,
				526C32C91708C36B0054717D /* TaxiAppTests.m */,
				526C32C31708C36B0054717D /* Supporting Files */,
			);
			path = TaxiAppTests;
			sourceTree = "<group>";
		};
		526C32C31708C36B0054717D /* Supporting Files */ = {
			isa = PBXGroup;
			children = (
				526C32C41708C36B0054717D /* TaxiAppTests-Info.plist */,
				526C32C51708C36B0054717D /* InfoPlist.strings */,
			);
			name = "Supporting Files";
			sourceTree = "<group>";
		};
		526C32D31708C7C30054717D /* Libs */ = {
			isa = PBXGroup;
			children = (
				526C32E41708CBC70054717D /* JSONKit */,
				526C32D41708C7C30054717D /* GeoloqiSDK */,
			);
			path = Libs;
			sourceTree = "<group>";
		};
		526C32D41708C7C30054717D /* GeoloqiSDK */ = {
			isa = PBXGroup;
			children = (
				526C32D51708C7C30054717D /* Geoloqi.h */,
				526C32D61708C7C30054717D /* libGeoloqi-Debug.a */,
				526C32D71708C7C30054717D /* libGeoloqi-Release.a */,
				526C32D81708C7C30054717D /* LQError.h */,
				526C32D91708C7C30054717D /* LQSDKVersion.h */,
				526C32DA1708C7C30054717D /* LQSession.h */,
				526C32DB1708C7C30054717D /* LQTracker.h */,
			);
			path = GeoloqiSDK;
			sourceTree = "<group>";
		};
		526C32E41708CBC70054717D /* JSONKit */ = {
			isa = PBXGroup;
			children = (
				526C32E51708CBC70054717D /* CHANGELOG.md */,
				526C32E61708CBC70054717D /* JSONKit.h */,
				526C32E71708CBC70054717D /* JSONKit.m */,
				526C32E81708CBC70054717D /* README.md */,
			);
			path = JSONKit;
			sourceTree = "<group>";
		};
		526C32EC1708D6CC0054717D /* Login */ = {
			isa = PBXGroup;
			children = (
				526C32F11708D6F60054717D /* TaxiLoginViewController.h */,
				526C32F21708D6F60054717D /* TaxiLoginViewController.m */,
			);
			path = Login;
			sourceTree = "<group>";
		};
		526C32ED1708D6CC0054717D /* Registration */ = {
			isa = PBXGroup;
			children = (
				526C32EE1708D6E60054717D /* TaxiRegistrationViewController.h */,
				526C32EF1708D6E60054717D /* TaxiRegistrationViewController.m */,
			);
			path = Registration;
			sourceTree = "<group>";
		};
		526C32F41708D80D0054717D /* HomeView */ = {
			isa = PBXGroup;
			children = (
				526C32F51708D81F0054717D /* TaxiHomeViewController.h */,
				526C32F61708D81F0054717D /* TaxiHomeViewController.m */,
			);
			path = HomeView;
			sourceTree = "<group>";
		};
		526C32F81708DE360054717D /* Misc */ = {
			isa = PBXGroup;
			children = (
				526C32F91708DE360054717D /* Constant_Micro */,
			);
			path = Misc;
			sourceTree = "<group>";
		};
		526C32F91708DE360054717D /* Constant_Micro */ = {
			isa = PBXGroup;
			children = (
				526C32FD1708DEA90054717D /* Constants.h */,
			);
			path = Constant_Micro;
			sourceTree = "<group>";
		};
		526C32FE1708E11D0054717D /* MapView */ = {
			isa = PBXGroup;
			children = (
				526C32FF1708E13E0054717D /* TaxiMapViewController.h */,
				526C33001708E13E0054717D /* TaxiMapViewController.m */,
			);
			path = MapView;
			sourceTree = "<group>";
		};
/* End PBXGroup section */

/* Begin PBXNativeTarget section */
		526C32941708C3690054717D /* TaxiApp */ = {
			isa = PBXNativeTarget;
			buildConfigurationList = 526C32CD1708C36B0054717D /* Build configuration list for PBXNativeTarget "TaxiApp" */;
			buildPhases = (
				526C32911708C3690054717D /* Sources */,
				526C32921708C3690054717D /* Frameworks */,
				526C32931708C3690054717D /* Resources */,
			);
			buildRules = (
			);
			dependencies = (
			);
			name = TaxiApp;
			productName = TaxiApp;
			productReference = 526C32951708C3690054717D /* TaxiApp.app */;
			productType = "com.apple.product-type.application";
		};
		526C32BA1708C36A0054717D /* TaxiAppTests */ = {
			isa = PBXNativeTarget;
			buildConfigurationList = 526C32D01708C36B0054717D /* Build configuration list for PBXNativeTarget "TaxiAppTests" */;
			buildPhases = (
				526C32B61708C36A0054717D /* Sources */,
				526C32B71708C36A0054717D /* Frameworks */,
				526C32B81708C36A0054717D /* Resources */,
				526C32B91708C36A0054717D /* ShellScript */,
			);
			buildRules = (
			);
			dependencies = (
				526C32C11708C36A0054717D /* PBXTargetDependency */,
			);
			name = TaxiAppTests;
			productName = TaxiAppTests;
			productReference = 526C32BB1708C36A0054717D /* TaxiAppTests.octest */;
			productType = "com.apple.product-type.bundle";
		};
/* End PBXNativeTarget section */

/* Begin PBXProject section */
		526C328D1708C3690054717D /* Project object */ = {
			isa = PBXProject;
			attributes = {
				CLASSPREFIX = Taxi;
				LastUpgradeCheck = 0460;
				ORGANIZATIONNAME = Rapidzz;
			};
			buildConfigurationList = 526C32901708C3690054717D /* Build configuration list for PBXProject "TaxiApp" */;
			compatibilityVersion = "Xcode 3.2";
			developmentRegion = English;
			hasScannedForEncodings = 0;
			knownRegions = (
				en,
			);
			mainGroup = 526C328C1708C3690054717D;
			productRefGroup = 526C32961708C3690054717D /* Products */;
			projectDirPath = "";
			projectRoot = "";
			targets = (
				526C32941708C3690054717D /* TaxiApp */,
				526C32BA1708C36A0054717D /* TaxiAppTests */,
			);
		};
/* End PBXProject section */

/* Begin PBXResourcesBuildPhase section */
		526C32931708C3690054717D /* Resources */ = {
			isa = PBXResourcesBuildPhase;
			buildActionMask = 2147483647;
			files = (
				526C32A31708C36A0054717D /* InfoPlist.strings in Resources */,
				526C32AB1708C36A0054717D /* Default.png in Resources */,
				526C32AD1708C36A0054717D /* Default@2x.png in Resources */,
				526C32AF1708C36A0054717D /* Default-568h@2x.png in Resources */,
				526C32B21708C36A0054717D /* MainStoryboard.storyboard in Resources */,
				526C32E91708CBC70054717D /* CHANGELOG.md in Resources */,
				526C32EB1708CBC70054717D /* README.md in Resources */,
			);
			runOnlyForDeploymentPostprocessing = 0;
		};
		526C32B81708C36A0054717D /* Resources */ = {
			isa = PBXResourcesBuildPhase;
			buildActionMask = 2147483647;
			files = (
				526C32C71708C36B0054717D /* InfoPlist.strings in Resources */,
			);
			runOnlyForDeploymentPostprocessing = 0;
		};
/* End PBXResourcesBuildPhase section */

/* Begin PBXShellScriptBuildPhase section */
		526C32B91708C36A0054717D /* ShellScript */ = {
			isa = PBXShellScriptBuildPhase;
			buildActionMask = 2147483647;
			files = (
			);
			inputPaths = (
			);
			outputPaths = (
			);
			runOnlyForDeploymentPostprocessing = 0;
			shellPath = /bin/sh;
			shellScript = "# Run the unit tests in this test bundle.\n\"${SYSTEM_DEVELOPER_DIR}/Tools/RunUnitTests\"\n";
		};
/* End PBXShellScriptBuildPhase section */

/* Begin PBXSourcesBuildPhase section */
		526C32911708C3690054717D /* Sources */ = {
			isa = PBXSourcesBuildPhase;
			buildActionMask = 2147483647;
			files = (
				526C32A51708C36A0054717D /* main.m in Sources */,
				526C32A91708C36A0054717D /* TaxiAppDelegate.m in Sources */,
				526C32B51708C36A0054717D /* TaxiViewController.m in Sources */,
				526C32EA1708CBC70054717D /* JSONKit.m in Sources */,
				526C32F01708D6E60054717D /* TaxiRegistrationViewController.m in Sources */,
				526C32F31708D6F60054717D /* TaxiLoginViewController.m in Sources */,
				526C32F71708D81F0054717D /* TaxiHomeViewController.m in Sources */,
				526C33011708E13E0054717D /* TaxiMapViewController.m in Sources */,
			);
			runOnlyForDeploymentPostprocessing = 0;
		};
		526C32B61708C36A0054717D /* Sources */ = {
			isa = PBXSourcesBuildPhase;
			buildActionMask = 2147483647;
			files = (
				526C32CA1708C36B0054717D /* TaxiAppTests.m in Sources */,
			);
			runOnlyForDeploymentPostprocessing = 0;
		};
/* End PBXSourcesBuildPhase section */

/* Begin PBXTargetDependency section */
		526C32C11708C36A0054717D /* PBXTargetDependency */ = {
			isa = PBXTargetDependency;
			target = 526C32941708C3690054717D /* TaxiApp */;
			targetProxy = 526C32C01708C36A0054717D /* PBXContainerItemProxy */;
		};
/* End PBXTargetDependency section */

/* Begin PBXVariantGroup section */
		526C32A11708C36A0054717D /* InfoPlist.strings */ = {
			isa = PBXVariantGroup;
			children = (
				526C32A21708C36A0054717D /* en */,
			);
			name = InfoPlist.strings;
			sourceTree = "<group>";
		};
		526C32B01708C36A0054717D /* MainStoryboard.storyboard */ = {
			isa = PBXVariantGroup;
			children = (
				526C32B11708C36A0054717D /* en */,
			);
			name = MainStoryboard.storyboard;
			sourceTree = "<group>";
		};
		526C32C51708C36B0054717D /* InfoPlist.strings */ = {
			isa = PBXVariantGroup;
			children = (
				526C32C61708C36B0054717D /* en */,
			);
			name = InfoPlist.strings;
			sourceTree = "<group>";
		};
/* End PBXVariantGroup section */

/* Begin XCBuildConfiguration section */
		526C32CB1708C36B0054717D /* Debug */ = {
			isa = XCBuildConfiguration;
			buildSettings = {
				ALWAYS_SEARCH_USER_PATHS = NO;
				CLANG_CXX_LANGUAGE_STANDARD = "gnu++0x";
				CLANG_CXX_LIBRARY = "libc++";
				CLANG_ENABLE_OBJC_ARC = YES;
				CLANG_WARN_CONSTANT_CONVERSION = YES;
				CLANG_WARN_EMPTY_BODY = YES;
				CLANG_WARN_ENUM_CONVERSION = YES;
				CLANG_WARN_INT_CONVERSION = YES;
				CLANG_WARN__DUPLICATE_METHOD_MATCH = YES;
				"CODE_SIGN_IDENTITY[sdk=iphoneos*]" = "iPhone Developer";
				COPY_PHASE_STRIP = NO;
				GCC_C_LANGUAGE_STANDARD = gnu99;
				GCC_DYNAMIC_NO_PIC = NO;
				GCC_OPTIMIZATION_LEVEL = 0;
				GCC_PREPROCESSOR_DEFINITIONS = (
					"DEBUG=1",
					"$(inherited)",
				);
				GCC_SYMBOLS_PRIVATE_EXTERN = NO;
				GCC_WARN_ABOUT_RETURN_TYPE = YES;
				GCC_WARN_UNINITIALIZED_AUTOS = YES;
				GCC_WARN_UNUSED_VARIABLE = YES;
				IPHONEOS_DEPLOYMENT_TARGET = 6.1;
				ONLY_ACTIVE_ARCH = YES;
				SDKROOT = iphoneos;
			};
			name = Debug;
		};
		526C32CC1708C36B0054717D /* Release */ = {
			isa = XCBuildConfiguration;
			buildSettings = {
				ALWAYS_SEARCH_USER_PATHS = NO;
				CLANG_CXX_LANGUAGE_STANDARD = "gnu++0x";
				CLANG_CXX_LIBRARY = "libc++";
				CLANG_ENABLE_OBJC_ARC = YES;
				CLANG_WARN_CONSTANT_CONVERSION = YES;
				CLANG_WARN_EMPTY_BODY = YES;
				CLANG_WARN_ENUM_CONVERSION = YES;
				CLANG_WARN_INT_CONVERSION = YES;
				CLANG_WARN__DUPLICATE_METHOD_MATCH = YES;
				"CODE_SIGN_IDENTITY[sdk=iphoneos*]" = "iPhone Developer";
				COPY_PHASE_STRIP = YES;
				GCC_C_LANGUAGE_STANDARD = gnu99;
				GCC_WARN_ABOUT_RETURN_TYPE = YES;
				GCC_WARN_UNINITIALIZED_AUTOS = YES;
				GCC_WARN_UNUSED_VARIABLE = YES;
				IPHONEOS_DEPLOYMENT_TARGET = 6.1;
				OTHER_CFLAGS = "-DNS_BLOCK_ASSERTIONS=1";
				SDKROOT = iphoneos;
				VALIDATE_PRODUCT = YES;
			};
			name = Release;
		};
		526C32CE1708C36B0054717D /* Debug */ = {
			isa = XCBuildConfiguration;
			buildSettings = {
				CODE_SIGN_IDENTITY = "iPhone Developer: Arslan Ilyas (BS6234RXW8)";
				"CODE_SIGN_IDENTITY[sdk=iphoneos*]" = "iPhone Developer: Arslan Ilyas (BS6234RXW8)";
				GCC_PRECOMPILE_PREFIX_HEADER = YES;
				GCC_PREFIX_HEADER = "TaxiApp/TaxiApp-Prefix.pch";
				HEADER_SEARCH_PATHS = "\"$(SRCROOT)/TaxiApp/Libs/GeoloqiSDK\"";
				INFOPLIST_FILE = "TaxiApp/TaxiApp-Info.plist";
				LIBRARY_SEARCH_PATHS = "\"$(SRCROOT)/TaxiApp/Libs/GeoloqiSDK\"";
				OTHER_LDFLAGS = (
					"-lGeoloqi-$(CONFIGURATION)",
					"-ObjC",
				);
				PRODUCT_NAME = "$(TARGET_NAME)";
				PROVISIONING_PROFILE = "6FA054F1-E3F1-459A-805F-31164E866F93";
				"PROVISIONING_PROFILE[sdk=iphoneos*]" = "6FA054F1-E3F1-459A-805F-31164E866F93";
				WRAPPER_EXTENSION = app;
			};
			name = Debug;
		};
		526C32CF1708C36B0054717D /* Release */ = {
			isa = XCBuildConfiguration;
			buildSettings = {
				GCC_PRECOMPILE_PREFIX_HEADER = YES;
				GCC_PREFIX_HEADER = "TaxiApp/TaxiApp-Prefix.pch";
				HEADER_SEARCH_PATHS = "\"$(SRCROOT)/TaxiApp/Libs/GeoloqiSDK\"";
				INFOPLIST_FILE = "TaxiApp/TaxiApp-Info.plist";
				LIBRARY_SEARCH_PATHS = "\"$(SRCROOT)/TaxiApp/Libs/GeoloqiSDK\"";
				OTHER_LDFLAGS = (
					"-lGeoloqi-$(CONFIGURATION)",
					"-ObjC",
				);
				PRODUCT_NAME = "$(TARGET_NAME)";
				WRAPPER_EXTENSION = app;
			};
			name = Release;
		};
		526C32D11708C36B0054717D /* Debug */ = {
			isa = XCBuildConfiguration;
			buildSettings = {
				BUNDLE_LOADER = "$(BUILT_PRODUCTS_DIR)/TaxiApp.app/TaxiApp";
				FRAMEWORK_SEARCH_PATHS = (
					"\"$(SDKROOT)/Developer/Library/Frameworks\"",
					"\"$(DEVELOPER_LIBRARY_DIR)/Frameworks\"",
				);
				GCC_PRECOMPILE_PREFIX_HEADER = YES;
				GCC_PREFIX_HEADER = "TaxiApp/TaxiApp-Prefix.pch";
				INFOPLIST_FILE = "TaxiAppTests/TaxiAppTests-Info.plist";
				PRODUCT_NAME = "$(TARGET_NAME)";
				TEST_HOST = "$(BUNDLE_LOADER)";
				WRAPPER_EXTENSION = octest;
			};
			name = Debug;
		};
		526C32D21708C36B0054717D /* Release */ = {
			isa = XCBuildConfiguration;
			buildSettings = {
				BUNDLE_LOADER = "$(BUILT_PRODUCTS_DIR)/TaxiApp.app/TaxiApp";
				FRAMEWORK_SEARCH_PATHS = (
					"\"$(SDKROOT)/Developer/Library/Frameworks\"",
					"\"$(DEVELOPER_LIBRARY_DIR)/Frameworks\"",
				);
				GCC_PRECOMPILE_PREFIX_HEADER = YES;
				GCC_PREFIX_HEADER = "TaxiApp/TaxiApp-Prefix.pch";
				INFOPLIST_FILE = "TaxiAppTests/TaxiAppTests-Info.plist";
				PRODUCT_NAME = "$(TARGET_NAME)";
				TEST_HOST = "$(BUNDLE_LOADER)";
				WRAPPER_EXTENSION = octest;
			};
			name = Release;
		};
/* End XCBuildConfiguration section */

/* Begin XCConfigurationList section */
		526C32901708C3690054717D /* Build configuration list for PBXProject "TaxiApp" */ = {
			isa = XCConfigurationList;
			buildConfigurations = (
				526C32CB1708C36B0054717D /* Debug */,
				526C32CC1708C36B0054717D /* Release */,
			);
			defaultConfigurationIsVisible = 0;
			defaultConfigurationName = Release;
		};
		526C32CD1708C36B0054717D /* Build configuration list for PBXNativeTarget "TaxiApp" */ = {
			isa = XCConfigurationList;
			buildConfigurations = (
				526C32CE1708C36B0054717D /* Debug */,
				526C32CF1708C36B0054717D /* Release */,
			);
			defaultConfigurationIsVisible = 0;
		};
		526C32D01708C36B0054717D /* Build configuration list for PBXNativeTarget "TaxiAppTests" */ = {
			isa = XCConfigurationList;
			buildConfigurations = (
				526C32D11708C36B0054717D /* Debug */,
				526C32D21708C36B0054717D /* Release */,
			);
			defaultConfigurationIsVisible = 0;
		};
/* End XCConfigurationList section */
	};
	rootObject = 526C328D1708C3690054717D /* Project object */;
}
